
Microsoft Visual Studio Solution File, Format Version 12.00
# Visual Studio 2012
Project("{FAE04EC0-301F-11D3-BF4B-00C04F79EFBC}") = "RecurF", "RecurF\RecurF.csproj", "{AE44BFFF-21A5-48AB-86B4-4ADB35E0F994}"
EndProject
Global
	GlobalSection(SolutionConfigurationPlatforms) = preSolution
		Debug|Any CPU = Debug|Any CPU
		Release|Any CPU = Release|Any CPU
	EndGlobalSection
	GlobalSection(ProjectConfigurationPlatforms) = postSolution
		{AE44BFFF-21A5-48AB-86B4-4ADB35E0F994}.Debug|Any CPU.ActiveCfg = Debug|Any CPU
		{AE44BFFF-21A5-48AB-86B4-4ADB35E0F994}.Debug|Any CPU.Build.0 = Debug|Any CPU
		{AE44BFFF-21A5-48AB-86B4-4ADB35E0F994}.Release|Any CPU.ActiveCfg = Release|Any CPU
		{AE44BFFF-21A5-48AB-86B4-4ADB35E0F994}.Release|Any CPU.Build.0 = Release|Any CPU
	EndGlobalSection
EndGlobal
